# Generated by pub
# See https://dart.dev/tools/pub/glossary#lockfile
packages:
  archive:
    dependency: transitive
    description:
      name: archive
      sha256: "7e0d52067d05f2e0324268097ba723b71cb41ac8a6a2b24d1edf9c536b987b03"
      url: "https://pub.dev"
    source: hosted
    version: "3.4.6"
  args:
    dependency: transitive
    description:
      name: args
      sha256: eef6c46b622e0494a36c5a12d10d77fb4e855501a91c1b9ef9339326e58f0596
      url: "https://pub.dev"
    source: hosted
    version: "2.4.2"
  async:
    dependency: transitive
    description:
      name: async
      sha256: "947bfcf187f74dbc5e146c9eb9c0f10c9f8b30743e341481c1e2ed3ecc18c20c"
      url: "https://pub.dev"
    source: hosted
    version: "2.11.0"
  bitsdojo_window:
    dependency: "direct main"
    description:
      name: bitsdojo_window
      sha256: "1118bc1cd16e6f358431ca4473af57cc1b287d2ceab46dfab6d59a9463160622"
      url: "https://pub.dev"
    source: hosted
    version: "0.1.5"
  bitsdojo_window_linux:
    dependency: transitive
    description:
      name: bitsdojo_window_linux
      sha256: d3804a30315fcbb43b28acc86d1180ce0be22c0c738ad2da9e5ade4d8dbd9655
      url: "https://pub.dev"
    source: hosted
    version: "0.1.3"
  bitsdojo_window_macos:
    dependency: transitive
    description:
      name: bitsdojo_window_macos
      sha256: d2a9886c74516c5b84c1dd65ab8ee5d1c52055b265ebf0e7d664dee28366b521
      url: "https://pub.dev"
    source: hosted
    version: "0.1.3"
  bitsdojo_window_platform_interface:
    dependency: transitive
    description:
      name: bitsdojo_window_platform_interface
      sha256: "65daa015a0c6dba749bdd35a0f092e7a8ba8b0766aa0480eb3ef808086f6e27c"
      url: "https://pub.dev"
    source: hosted
    version: "0.1.2"
  bitsdojo_window_windows:
    dependency: transitive
    description:
      name: bitsdojo_window_windows
      sha256: "8766a40aac84a6d7bdcaa716b24997e028fc9a9a1800495fc031721fd5a22ed0"
      url: "https://pub.dev"
    source: hosted
    version: "0.1.5"
  boolean_selector:
    dependency: transitive
    description:
      name: boolean_selector
      sha256: "6cfb5af12253eaf2b368f07bacc5a80d1301a071c73360d746b7f2e32d762c66"
      url: "https://pub.dev"
    source: hosted
    version: "2.1.1"
  camera:
    dependency: "direct main"
    description:
      name: camera
      sha256: "1f9010f0689774380fbcd7d6b7820a5157e8e97685fa66d619e1d1f58b3fdf93"
      url: "https://pub.dev"
    source: hosted
    version: "0.10.5+5"
  camera_android:
    dependency: transitive
    description:
      name: camera_android
      sha256: "58463140f1b39591b8e2155861b436abad4ceb48160058be8374164ff0309ef3"
      url: "https://pub.dev"
    source: hosted
    version: "0.10.8+13"
  camera_avfoundation:
    dependency: transitive
    description:
      name: camera_avfoundation
      sha256: "9495e633cda700717bbe299b0979e6c4a08cee45f298945973dc9cf3e4c1cba5"
      url: "https://pub.dev"
    source: hosted
    version: "0.9.13+6"
  camera_platform_interface:
    dependency: transitive
    description:
      name: camera_platform_interface
      sha256: "86fd4fc597c6e455265ddb5884feb352d0171ad14b9cdf3aba30da59b25738c4"
      url: "https://pub.dev"
    source: hosted
    version: "2.6.0"
  camera_web:
    dependency: transitive
    description:
      name: camera_web
      sha256: d4c2c571c7af04f8b10702ca16bb9ed2a26e64534171e8f75c9349b2c004d8f1
      url: "https://pub.dev"
    source: hosted
    version: "0.3.2+3"
  camera_windows:
    dependency: "direct main"
    description:
      name: camera_windows
      sha256: "128ed4d05ec4da10e1be977e8b37940db607a9d832250ca5fb52d9fa78c72037"
      url: "https://pub.dev"
    source: hosted
    version: "0.2.1+8"
  characters:
    dependency: transitive
    description:
      name: characters
      sha256: "04a925763edad70e8443c99234dc3328f442e811f1d8fd1a72f1c8ad0f69a605"
      url: "https://pub.dev"
    source: hosted
    version: "1.3.0"
  charcode:
    dependency: transitive
    description:
      name: charcode
      sha256: fb98c0f6d12c920a02ee2d998da788bca066ca5f148492b7085ee23372b12306
      url: "https://pub.dev"
    source: hosted
    version: "1.3.1"
  checked_yaml:
    dependency: transitive
    description:
      name: checked_yaml
      sha256: feb6bed21949061731a7a75fc5d2aa727cf160b91af9a3e464c5e3a32e28b5ff
      url: "https://pub.dev"
    source: hosted
    version: "2.0.3"
  cli_util:
    dependency: transitive
    description:
      name: cli_util
      sha256: b8db3080e59b2503ca9e7922c3df2072cf13992354d5e944074ffa836fba43b7
      url: "https://pub.dev"
    source: hosted
    version: "0.4.0"
  clock:
    dependency: transitive
    description:
      name: clock
      sha256: cb6d7f03e1de671e34607e909a7213e31d7752be4fb66a86d29fe1eb14bfb5cf
      url: "https://pub.dev"
    source: hosted
    version: "1.1.1"
  collection:
    dependency: transitive
    description:
      name: collection
      sha256: f092b211a4319e98e5ff58223576de6c2803db36221657b46c82574721240687
      url: "https://pub.dev"
    source: hosted
    version: "1.17.2"
  connectivity_plus:
    dependency: transitive
    description:
      name: connectivity_plus
      sha256: b502a681ba415272ecc41400bd04fe543ed1a62632137dc84d25a91e7746f55f
      url: "https://pub.dev"
    source: hosted
    version: "5.0.1"
  connectivity_plus_platform_interface:
    dependency: transitive
    description:
      name: connectivity_plus_platform_interface
      sha256: cf1d1c28f4416f8c654d7dc3cd638ec586076255d407cef3ddbdaf178272a71a
      url: "https://pub.dev"
    source: hosted
    version: "1.2.4"
  console:
    dependency: transitive
    description:
      name: console
      sha256: e04e7824384c5b39389acdd6dc7d33f3efe6b232f6f16d7626f194f6a01ad69a
      url: "https://pub.dev"
    source: hosted
    version: "4.1.0"
  convert:
    dependency: transitive
    description:
      name: convert
      sha256: "0f08b14755d163f6e2134cb58222dd25ea2a2ee8a195e53983d57c075324d592"
      url: "https://pub.dev"
    source: hosted
    version: "3.1.1"
  cross_file:
    dependency: transitive
    description:
      name: cross_file
      sha256: "445db18de832dba8d851e287aff8ccf169bed30d2e94243cb54c7d2f1ed2142c"
      url: "https://pub.dev"
    source: hosted
    version: "0.3.3+6"
  crypto:
    dependency: transitive
    description:
      name: crypto
      sha256: ff625774173754681d66daaf4a448684fb04b78f902da9cb3d308c19cc5e8bab
      url: "https://pub.dev"
    source: hosted
    version: "3.0.3"
  cryptography:
    dependency: transitive
    description:
      name: cryptography
      sha256: d146b76d33d94548cf035233fbc2f4338c1242fa119013bead807d033fc4ae05
      url: "https://pub.dev"
    source: hosted
    version: "2.7.0"
  csslib:
    dependency: transitive
    description:
      name: csslib
      sha256: "706b5707578e0c1b4b7550f64078f0a0f19dec3f50a178ffae7006b0a9ca58fb"
      url: "https://pub.dev"
    source: hosted
    version: "1.0.0"
  cupertino_icons:
    dependency: "direct main"
    description:
      name: cupertino_icons
      sha256: d57953e10f9f8327ce64a508a355f0b1ec902193f66288e8cb5070e7c47eeb2d
      url: "https://pub.dev"
    source: hosted
    version: "1.0.6"
  dart_webrtc:
    dependency: transitive
    description:
      name: dart_webrtc
      sha256: "5897a3bdd6c7fded07e80e250260ca4c9cd61f9080911aa308b516e1206745a9"
      url: "https://pub.dev"
    source: hosted
    version: "1.1.3"
  dbus:
    dependency: transitive
    description:
      name: dbus
      sha256: "6f07cba3f7b3448d42d015bfd3d53fe12e5b36da2423f23838efc1d5fb31a263"
      url: "https://pub.dev"
    source: hosted
    version: "0.7.8"
  device_info_plus:
    dependency: transitive
    description:
      name: device_info_plus
      sha256: "7035152271ff67b072a211152846e9f1259cf1be41e34cd3e0b5463d2d6b8419"
      url: "https://pub.dev"
    source: hosted
    version: "9.1.0"
  device_info_plus_platform_interface:
    dependency: transitive
    description:
      name: device_info_plus_platform_interface
      sha256: d3b01d5868b50ae571cd1dc6e502fc94d956b665756180f7b16ead09e836fd64
      url: "https://pub.dev"
    source: hosted
    version: "7.0.0"
  dio:
    dependency: "direct main"
    description:
      name: dio
      sha256: "417e2a6f9d83ab396ec38ff4ea5da6c254da71e4db765ad737a42af6930140b7"
      url: "https://pub.dev"
    source: hosted
    version: "5.3.3"
  fake_async:
    dependency: transitive
    description:
      name: fake_async
      sha256: "511392330127add0b769b75a987850d136345d9227c6b94c96a04cf4a391bf78"
      url: "https://pub.dev"
    source: hosted
    version: "1.3.1"
  ffi:
    dependency: transitive
    description:
      name: ffi
      sha256: "7bf0adc28a23d395f19f3f1eb21dd7cfd1dd9f8e1c50051c069122e6853bc878"
      url: "https://pub.dev"
    source: hosted
    version: "2.1.0"
  file:
    dependency: transitive
    description:
      name: file
      sha256: "5fc22d7c25582e38ad9a8515372cd9a93834027aacf1801cf01164dac0ffa08c"
      url: "https://pub.dev"
    source: hosted
    version: "7.0.0"
  fixnum:
    dependency: transitive
    description:
      name: fixnum
      sha256: "25517a4deb0c03aa0f32fd12db525856438902d9c16536311e76cdc57b31d7d1"
      url: "https://pub.dev"
    source: hosted
    version: "1.1.0"
  flutter:
    dependency: "direct main"
    description: flutter
    source: sdk
    version: "0.0.0"
  flutter_gif:
    dependency: "direct main"
    description:
      name: flutter_gif
      sha256: b13d7e484e40685e9236ffbaddf012c2448a2e2c1ac48bed345184dd7bc87f88
      url: "https://pub.dev"
    source: hosted
    version: "0.0.4"
  flutter_launcher_icons:
    dependency: "direct dev"
    description:
      name: flutter_launcher_icons
      sha256: "526faf84284b86a4cb36d20a5e45147747b7563d921373d4ee0559c54fcdbcea"
      url: "https://pub.dev"
    source: hosted
    version: "0.13.1"
  flutter_lints:
    dependency: "direct dev"
    description:
      name: flutter_lints
      sha256: a25a15ebbdfc33ab1cd26c63a6ee519df92338a9c10f122adda92938253bef04
      url: "https://pub.dev"
    source: hosted
    version: "2.0.3"
  flutter_plugin_android_lifecycle:
    dependency: transitive
    description:
      name: flutter_plugin_android_lifecycle
      sha256: b068ffc46f82a55844acfa4fdbb61fad72fa2aef0905548419d97f0f95c456da
      url: "https://pub.dev"
    source: hosted
    version: "2.0.17"
  flutter_riverpod:
    dependency: "direct main"
    description:
      name: flutter_riverpod
      sha256: "305203d1578f6857675f9730568548b03900ce53afd319f4aa9d2fa943334dbe"
      url: "https://pub.dev"
    source: hosted
    version: "2.4.5"
  flutter_test:
    dependency: "direct dev"
    description: flutter
    source: sdk
    version: "0.0.0"
  flutter_web_plugins:
    dependency: "direct main"
    description: flutter
    source: sdk
    version: "0.0.0"
  flutter_webrtc:
    dependency: transitive
    description:
      name: flutter_webrtc
      sha256: "8522e9f347aed9f03ec591d05fc286a698c1b11a1a6d3e994e92727d24c6f352"
      url: "https://pub.dev"
    source: hosted
    version: "0.9.46"
  flutter_window_close:
    dependency: transitive
    description:
      name: flutter_window_close
      sha256: "63f5846efbf0974ec233e6b5f468aa604a4857157f4c6c44fd482621804a0464"
      url: "https://pub.dev"
    source: hosted
    version: "0.2.2"
  get_it:
    dependency: "direct main"
    description:
      name: get_it
      sha256: f79870884de16d689cf9a7d15eedf31ed61d750e813c538a6efb92660fea83c3
      url: "https://pub.dev"
    source: hosted
    version: "7.6.4"
  go_router:
    dependency: "direct main"
    description:
      name: go_router
      sha256: "00d1b67d6e9fa443331da229084dd3eb04407f5a2dff22940bd7bba6af5722c3"
      url: "https://pub.dev"
    source: hosted
    version: "7.1.1"
  hmssdk_flutter:
    dependency: "direct main"
    description:
      name: hmssdk_flutter
      sha256: c560e8bbb938676fdfb3c5bbfc28d4fdd10454e0d56762042027624922d8fbf8
      url: "https://pub.dev"
    source: hosted
    version: "1.9.2"
  html:
    dependency: transitive
    description:
      name: html
      sha256: "3a7812d5bcd2894edf53dfaf8cd640876cf6cef50a8f238745c8b8120ea74d3a"
      url: "https://pub.dev"
    source: hosted
    version: "0.15.4"
  http:
    dependency: "direct overridden"
    description:
      name: http
      sha256: "759d1a329847dd0f39226c688d3e06a6b8679668e350e2891a6474f8b4bb8525"
      url: "https://pub.dev"
    source: hosted
    version: "1.1.0"
  http_parser:
    dependency: transitive
    description:
      name: http_parser
      sha256: "2aa08ce0341cc9b354a498388e30986515406668dbcc4f7c950c3e715496693b"
      url: "https://pub.dev"
    source: hosted
    version: "4.0.2"
  image:
    dependency: transitive
    description:
      name: image
      sha256: "028f61960d56f26414eb616b48b04eb37d700cbe477b7fb09bf1d7ce57fd9271"
      url: "https://pub.dev"
    source: hosted
    version: "4.1.3"
  intl:
    dependency: "direct main"
    description:
      name: intl
      sha256: "3bc132a9dbce73a7e4a21a17d06e1878839ffbf975568bc875c60537824b0c4d"
      url: "https://pub.dev"
    source: hosted
    version: "0.18.1"
  js:
    dependency: transitive
    description:
      name: js
      sha256: f2c445dce49627136094980615a031419f7f3eb393237e4ecd97ac15dea343f3
      url: "https://pub.dev"
    source: hosted
    version: "0.6.7"
  json_annotation:
    dependency: transitive
    description:
      name: json_annotation
      sha256: b10a7b2ff83d83c777edba3c6a0f97045ddadd56c944e1a23a3fdf43a1bf4467
      url: "https://pub.dev"
    source: hosted
    version: "4.8.1"
  lints:
    dependency: transitive
    description:
      name: lints
      sha256: "0a217c6c989d21039f1498c3ed9f3ed71b354e69873f13a8dfc3c9fe76f1b452"
      url: "https://pub.dev"
    source: hosted
    version: "2.1.1"
  livekit_client:
    dependency: "direct main"
    description:
      name: livekit_client
      sha256: ef268a43c3040d873cc826747340ae19abe717cb2ddd19fbb78091b62c5cc34c
      url: "https://pub.dev"
    source: hosted
    version: "1.5.3"
  logging:
    dependency: transitive
    description:
      name: logging
      sha256: "623a88c9594aa774443aa3eb2d41807a48486b5613e67599fb4c41c0ad47c340"
      url: "https://pub.dev"
    source: hosted
    version: "1.2.0"
  matcher:
    dependency: transitive
    description:
      name: matcher
      sha256: "1803e76e6653768d64ed8ff2e1e67bea3ad4b923eb5c56a295c3e634bad5960e"
      url: "https://pub.dev"
    source: hosted
    version: "0.12.16"
  material_color_utilities:
    dependency: transitive
    description:
      name: material_color_utilities
      sha256: "9528f2f296073ff54cb9fee677df673ace1218163c3bc7628093e7eed5203d41"
      url: "https://pub.dev"
    source: hosted
    version: "0.5.0"
  media_kit:
    dependency: "direct main"
    description:
      name: media_kit
      sha256: "3289062540e3b8b9746e5c50d95bd78a9289826b7227e253dff806d002b9e67a"
      url: "https://pub.dev"
    source: hosted
    version: "1.1.10+1"
  media_kit_libs_android_video:
    dependency: transitive
    description:
      name: media_kit_libs_android_video
      sha256: "9dd8012572e4aff47516e55f2597998f0a378e3d588d0fad0ca1f11a53ae090c"
      url: "https://pub.dev"
    source: hosted
    version: "1.3.6"
  media_kit_libs_ios_video:
    dependency: transitive
    description:
      name: media_kit_libs_ios_video
      sha256: b5382994eb37a4564c368386c154ad70ba0cc78dacdd3fb0cd9f30db6d837991
      url: "https://pub.dev"
    source: hosted
    version: "1.1.4"
  media_kit_libs_linux:
    dependency: transitive
    description:
      name: media_kit_libs_linux
      sha256: e186891c31daa6bedab4d74dcdb4e8adfccc7d786bfed6ad81fe24a3b3010310
      url: "https://pub.dev"
    source: hosted
    version: "1.1.3"
  media_kit_libs_macos_video:
    dependency: transitive
    description:
      name: media_kit_libs_macos_video
      sha256: f26aa1452b665df288e360393758f84b911f70ffb3878032e1aabba23aa1032d
      url: "https://pub.dev"
    source: hosted
    version: "1.1.4"
  media_kit_libs_video:
    dependency: "direct main"
    description:
      name: media_kit_libs_video
      sha256: "3688e0c31482074578652bf038ce6301a5d21e1eda6b54fc3117ffeb4bdba067"
      url: "https://pub.dev"
    source: hosted
    version: "1.0.4"
  media_kit_libs_windows_video:
    dependency: transitive
    description:
      name: media_kit_libs_windows_video
      sha256: "7bace5f35d9afcc7f9b5cdadb7541d2191a66bb3fc71bfa11c1395b3360f6122"
      url: "https://pub.dev"
    source: hosted
    version: "1.0.9"
  media_kit_native_event_loop:
    dependency: transitive
    description:
      name: media_kit_native_event_loop
      sha256: a605cf185499d14d58935b8784955a92a4bf0ff4e19a23de3d17a9106303930e
      url: "https://pub.dev"
    source: hosted
    version: "1.0.8"
  media_kit_video:
    dependency: "direct main"
    description:
      name: media_kit_video
      sha256: c048d11a19e379aebbe810647636e3fc6d18374637e2ae12def4ff8a4b99a882
      url: "https://pub.dev"
    source: hosted
    version: "1.2.4"
  meta:
    dependency: transitive
    description:
      name: meta
      sha256: "3c74dbf8763d36539f114c799d8a2d87343b5067e9d796ca22b5eb8437090ee3"
      url: "https://pub.dev"
    source: hosted
    version: "1.9.1"
  msix:
    dependency: "direct dev"
    description:
      name: msix
      sha256: "957d04eee260e4bd15bec1fdb988dfc73718285e201cf89d97ef01ef38e66d4c"
      url: "https://pub.dev"
    source: hosted
    version: "3.16.6"
  nm:
    dependency: transitive
    description:
      name: nm
      sha256: "2c9aae4127bdc8993206464fcc063611e0e36e72018696cd9631023a31b24254"
      url: "https://pub.dev"
    source: hosted
    version: "0.5.0"
  package_config:
    dependency: transitive
    description:
      name: package_config
      sha256: "1c5b77ccc91e4823a5af61ee74e6b972db1ef98c2ff5a18d3161c982a55448bd"
      url: "https://pub.dev"
    source: hosted
    version: "2.1.0"
  package_info_plus:
    dependency: transitive
    description:
      name: package_info_plus
      sha256: "7e76fad405b3e4016cd39d08f455a4eb5199723cf594cd1b8916d47140d93017"
      url: "https://pub.dev"
    source: hosted
    version: "4.2.0"
  package_info_plus_platform_interface:
    dependency: transitive
    description:
      name: package_info_plus_platform_interface
      sha256: "9bc8ba46813a4cc42c66ab781470711781940780fd8beddd0c3da62506d3a6c6"
      url: "https://pub.dev"
    source: hosted
    version: "2.0.1"
  path:
    dependency: transitive
    description:
      name: path
      sha256: "8829d8a55c13fc0e37127c29fedf290c102f4e40ae94ada574091fe0ff96c917"
      url: "https://pub.dev"
    source: hosted
    version: "1.8.3"
  path_provider:
    dependency: transitive
    description:
      name: path_provider
      sha256: a1aa8aaa2542a6bc57e381f132af822420216c80d4781f7aa085ca3229208aaa
      url: "https://pub.dev"
    source: hosted
    version: "2.1.1"
  path_provider_android:
    dependency: transitive
    description:
      name: path_provider_android
      sha256: e595b98692943b4881b219f0a9e3945118d3c16bd7e2813f98ec6e532d905f72
      url: "https://pub.dev"
    source: hosted
    version: "2.2.1"
  path_provider_foundation:
    dependency: transitive
    description:
      name: path_provider_foundation
      sha256: "19314d595120f82aca0ba62787d58dde2cc6b5df7d2f0daf72489e38d1b57f2d"
      url: "https://pub.dev"
    source: hosted
    version: "2.3.1"
  path_provider_linux:
    dependency: transitive
    description:
      name: path_provider_linux
      sha256: f7a1fe3a634fe7734c8d3f2766ad746ae2a2884abe22e241a8b301bf5cac3279
      url: "https://pub.dev"
    source: hosted
    version: "2.2.1"
  path_provider_platform_interface:
    dependency: transitive
    description:
      name: path_provider_platform_interface
      sha256: "94b1e0dd80970c1ce43d5d4e050a9918fce4f4a775e6142424c30a29a363265c"
      url: "https://pub.dev"
    source: hosted
    version: "2.1.1"
  path_provider_windows:
    dependency: transitive
    description:
      name: path_provider_windows
      sha256: "8bc9f22eee8690981c22aa7fc602f5c85b497a6fb2ceb35ee5a5e5ed85ad8170"
      url: "https://pub.dev"
    source: hosted
    version: "2.2.1"
  permission_handler:
    dependency: "direct main"
    description:
      name: permission_handler
      sha256: bc56bfe9d3f44c3c612d8d393bd9b174eb796d706759f9b495ac254e4294baa5
      url: "https://pub.dev"
    source: hosted
    version: "10.4.5"
  permission_handler_android:
    dependency: transitive
    description:
      name: permission_handler_android
      sha256: "59c6322171c29df93a22d150ad95f3aa19ed86542eaec409ab2691b8f35f9a47"
      url: "https://pub.dev"
    source: hosted
    version: "10.3.6"
  permission_handler_apple:
    dependency: transitive
    description:
      name: permission_handler_apple
      sha256: "99e220bce3f8877c78e4ace901082fb29fa1b4ebde529ad0932d8d664b34f3f5"
      url: "https://pub.dev"
    source: hosted
    version: "9.1.4"
  permission_handler_platform_interface:
    dependency: transitive
    description:
      name: permission_handler_platform_interface
      sha256: "6760eb5ef34589224771010805bea6054ad28453906936f843a8cc4d3a55c4a4"
      url: "https://pub.dev"
    source: hosted
    version: "3.12.0"
  permission_handler_windows:
    dependency: transitive
    description:
      name: permission_handler_windows
      sha256: cc074aace208760f1eee6aa4fae766b45d947df85bc831cde77009cdb4720098
      url: "https://pub.dev"
    source: hosted
    version: "0.1.3"
  petitparser:
    dependency: transitive
    description:
      name: petitparser
      sha256: cb3798bef7fc021ac45b308f4b51208a152792445cce0448c9a4ba5879dd8750
      url: "https://pub.dev"
    source: hosted
    version: "5.4.0"
  platform:
    dependency: transitive
    description:
      name: platform
      sha256: "0a279f0707af40c890e80b1e9df8bb761694c074ba7e1d4ab1bc4b728e200b59"
      url: "https://pub.dev"
    source: hosted
    version: "3.1.3"
  platform_detect:
    dependency: transitive
    description:
      name: platform_detect
      sha256: "08f4ee79c0e1c4858d37e06b22352a3ebdef5466b613749a3adb03e703d4f5b0"
      url: "https://pub.dev"
    source: hosted
    version: "2.0.11"
  plugin_platform_interface:
    dependency: transitive
    description:
      name: plugin_platform_interface
      sha256: da3fdfeccc4d4ff2da8f8c556704c08f912542c5fb3cf2233ed75372384a034d
      url: "https://pub.dev"
    source: hosted
    version: "2.1.6"
  pointer_interceptor:
    dependency: transitive
    description:
      name: pointer_interceptor
      sha256: "7626e034489820fd599380d2bb4d3f4a0a5e3529370b62bfce53ab736b91adb2"
      url: "https://pub.dev"
    source: hosted
    version: "0.9.3+6"
  pointycastle:
    dependency: transitive
    description:
      name: pointycastle
      sha256: "7c1e5f0d23c9016c5bbd8b1473d0d3fb3fc851b876046039509e18e0c7485f2c"
      url: "https://pub.dev"
    source: hosted
    version: "3.7.3"
  protobuf:
    dependency: transitive
    description:
      name: protobuf
      sha256: "68645b24e0716782e58948f8467fd42a880f255096a821f9e7d0ec625b00c84d"
      url: "https://pub.dev"
    source: hosted
    version: "3.1.0"
  pub_semver:
    dependency: transitive
    description:
      name: pub_semver
      sha256: "40d3ab1bbd474c4c2328c91e3a7df8c6dd629b79ece4c4bd04bee496a224fb0c"
      url: "https://pub.dev"
    source: hosted
    version: "2.1.4"
  quiver:
    dependency: transitive
    description:
      name: quiver
      sha256: b1c1ac5ce6688d77f65f3375a9abb9319b3cb32486bdc7a1e0fdf004d7ba4e47
      url: "https://pub.dev"
    source: hosted
    version: "3.2.1"
  riverpod:
    dependency: transitive
    description:
      name: riverpod
      sha256: "2e84315036e64c59affaff7443dea51247bc2fe704461a32f26a27986fb63d55"
      url: "https://pub.dev"
    source: hosted
    version: "2.4.5"
  safe_local_storage:
    dependency: transitive
    description:
      name: safe_local_storage
      sha256: ede4eb6cb7d88a116b3d3bf1df70790b9e2038bc37cb19112e381217c74d9440
      url: "https://pub.dev"
    source: hosted
    version: "1.0.2"
  screen_brightness:
    dependency: transitive
    description:
      name: screen_brightness
      sha256: ed8da4a4511e79422fc1aa88138e920e4008cd312b72cdaa15ccb426c0faaedd
      url: "https://pub.dev"
    source: hosted
    version: "0.2.2+1"
  screen_brightness_android:
    dependency: transitive
    description:
      name: screen_brightness_android
      sha256: "3df10961e3a9e968a5e076fe27e7f4741fa8a1d3950bdeb48cf121ed529d0caf"
      url: "https://pub.dev"
    source: hosted
    version: "0.1.0+2"
  screen_brightness_ios:
    dependency: transitive
    description:
      name: screen_brightness_ios
      sha256: "99adc3ca5490b8294284aad5fcc87f061ad685050e03cf45d3d018fe398fd9a2"
      url: "https://pub.dev"
    source: hosted
    version: "0.1.0"
  screen_brightness_macos:
    dependency: transitive
    description:
      name: screen_brightness_macos
      sha256: "64b34e7e3f4900d7687c8e8fb514246845a73ecec05ab53483ed025bd4a899fd"
      url: "https://pub.dev"
    source: hosted
    version: "0.1.0+1"
  screen_brightness_platform_interface:
    dependency: transitive
    description:
      name: screen_brightness_platform_interface
      sha256: b211d07f0c96637a15fb06f6168617e18030d5d74ad03795dd8547a52717c171
      url: "https://pub.dev"
    source: hosted
    version: "0.1.0"
  screen_brightness_windows:
    dependency: transitive
    description:
      name: screen_brightness_windows
      sha256: "9261bf33d0fc2707d8cf16339ce25768100a65e70af0fcabaf032fc12408ba86"
      url: "https://pub.dev"
    source: hosted
    version: "0.1.3"
  screen_retriever:
    dependency: transitive
    description:
      name: screen_retriever
      sha256: "6ee02c8a1158e6dae7ca430da79436e3b1c9563c8cf02f524af997c201ac2b90"
      url: "https://pub.dev"
    source: hosted
    version: "0.1.9"
  sdp_transform:
    dependency: transitive
    description:
      name: sdp_transform
      sha256: "73e412a5279a5c2de74001535208e20fff88f225c9a4571af0f7146202755e45"
      url: "https://pub.dev"
    source: hosted
    version: "0.3.2"
  sky_engine:
    dependency: transitive
    description: flutter
    source: sdk
    version: "0.0.99"
  socket_io_client:
    dependency: "direct main"
    description:
      name: socket_io_client
      sha256: ede469f3e4c55e8528b4e023bdedbc20832e8811ab9b61679d1ba3ed5f01f23b
      url: "https://pub.dev"
    source: hosted
    version: "2.0.3+1"
  socket_io_common:
    dependency: transitive
    description:
      name: socket_io_common
      sha256: "2ab92f8ff3ebbd4b353bf4a98bee45cc157e3255464b2f90f66e09c4472047eb"
      url: "https://pub.dev"
    source: hosted
    version: "2.0.3"
  source_span:
    dependency: transitive
    description:
      name: source_span
      sha256: "53e943d4206a5e30df338fd4c6e7a077e02254531b138a15aec3bd143c1a8b3c"
      url: "https://pub.dev"
    source: hosted
    version: "1.10.0"
  stack_trace:
    dependency: transitive
    description:
      name: stack_trace
      sha256: c3c7d8edb15bee7f0f74debd4b9c5f3c2ea86766fe4178eb2a18eb30a0bdaed5
      url: "https://pub.dev"
    source: hosted
    version: "1.11.0"
  state_notifier:
    dependency: transitive
    description:
      name: state_notifier
      sha256: b8677376aa54f2d7c58280d5a007f9e8774f1968d1fb1c096adcb4792fba29bb
      url: "https://pub.dev"
    source: hosted
    version: "1.0.0"
  stream_channel:
    dependency: transitive
    description:
      name: stream_channel
      sha256: "83615bee9045c1d322bbbd1ba209b7a749c2cbcdcb3fdd1df8eb488b3279c1c8"
      url: "https://pub.dev"
    source: hosted
    version: "2.1.1"
  stream_transform:
    dependency: transitive
    description:
      name: stream_transform
      sha256: "14a00e794c7c11aa145a170587321aedce29769c08d7f58b1d141da75e3b1c6f"
      url: "https://pub.dev"
    source: hosted
    version: "2.1.0"
  string_scanner:
    dependency: transitive
    description:
      name: string_scanner
      sha256: "556692adab6cfa87322a115640c11f13cb77b3f076ddcc5d6ae3c20242bedcde"
      url: "https://pub.dev"
    source: hosted
    version: "1.2.0"
  synchronized:
    dependency: transitive
    description:
      name: synchronized
      sha256: "5fcbd27688af6082f5abd611af56ee575342c30e87541d0245f7ff99faa02c60"
      url: "https://pub.dev"
    source: hosted
    version: "3.1.0"
  term_glyph:
    dependency: transitive
    description:
      name: term_glyph
      sha256: a29248a84fbb7c79282b40b8c72a1209db169a2e0542bce341da992fe1bc7e84
      url: "https://pub.dev"
    source: hosted
    version: "1.2.1"
  test_api:
    dependency: transitive
    description:
      name: test_api
      sha256: "75760ffd7786fffdfb9597c35c5b27eaeec82be8edfb6d71d32651128ed7aab8"
      url: "https://pub.dev"
    source: hosted
    version: "0.6.0"
  typed_data:
    dependency: transitive
    description:
      name: typed_data
      sha256: facc8d6582f16042dd49f2463ff1bd6e2c9ef9f3d5da3d9b087e244a7b564b3c
      url: "https://pub.dev"
    source: hosted
    version: "1.3.2"
  uni_links:
    dependency: "direct main"
    description:
      name: uni_links
      sha256: "051098acfc9e26a9fde03b487bef5d3d228ca8f67693480c6f33fd4fbb8e2b6e"
      url: "https://pub.dev"
    source: hosted
    version: "0.5.1"
  uni_links_platform_interface:
    dependency: transitive
    description:
      name: uni_links_platform_interface
      sha256: "929cf1a71b59e3b7c2d8a2605a9cf7e0b125b13bc858e55083d88c62722d4507"
      url: "https://pub.dev"
    source: hosted
    version: "1.0.0"
  uni_links_web:
    dependency: transitive
    description:
      name: uni_links_web
      sha256: "7539db908e25f67de2438e33cc1020b30ab94e66720b5677ba6763b25f6394df"
      url: "https://pub.dev"
    source: hosted
    version: "0.1.0"
  universal_html:
    dependency: "direct main"
    description:
      name: universal_html
      sha256: "56536254004e24d9d8cfdb7dbbf09b74cf8df96729f38a2f5c238163e3d58971"
      url: "https://pub.dev"
    source: hosted
    version: "2.2.4"
  universal_io:
    dependency: transitive
    description:
      name: universal_io
      sha256: "1722b2dcc462b4b2f3ee7d188dad008b6eb4c40bbd03a3de451d82c78bba9aad"
      url: "https://pub.dev"
    source: hosted
    version: "2.2.2"
  universal_platform:
    dependency: transitive
    description:
      name: universal_platform
      sha256: d315be0f6641898b280ffa34e2ddb14f3d12b1a37882557869646e0cc363d0cc
      url: "https://pub.dev"
    source: hosted
    version: "1.0.0+1"
  uri_parser:
    dependency: transitive
    description:
      name: uri_parser
      sha256: "6543c9fd86d2862fac55d800a43e67c0dcd1a41677cb69c2f8edfe73bbcf1835"
      url: "https://pub.dev"
    source: hosted
    version: "2.0.2"
  uuid:
    dependency: transitive
    description:
      name: uuid
      sha256: "648e103079f7c64a36dc7d39369cabb358d377078a051d6ae2ad3aa539519313"
      url: "https://pub.dev"
    source: hosted
    version: "3.0.7"
  vector_math:
    dependency: transitive
    description:
      name: vector_math
      sha256: "80b3257d1492ce4d091729e3a67a60407d227c27241d6927be0130c98e741803"
      url: "https://pub.dev"
    source: hosted
    version: "2.1.4"
  video_js:
    dependency: "direct main"
    description:
      path: "."
      ref: dev
      resolved-ref: "20daa1c118fe03025956ac6cd9fc5c6bf28aa5c2"
      url: "https://github.com/hiphopsakthi/video_js.git"
    source: git
    version: "0.1.3+1"
  volume_controller:
    dependency: transitive
    description:
      name: volume_controller
      sha256: "189bdc7a554f476b412e4c8b2f474562b09d74bc458c23667356bce3ca1d48c9"
      url: "https://pub.dev"
    source: hosted
    version: "2.0.7"
  wakelock_plus:
    dependency: transitive
    description:
      name: wakelock_plus
      sha256: f45a6c03aa3f8322e0a9d7f4a0482721c8789cb41d555407367650b8f9c26018
      url: "https://pub.dev"
    source: hosted
    version: "1.1.3"
  wakelock_plus_platform_interface:
    dependency: transitive
    description:
      name: wakelock_plus_platform_interface
      sha256: "40fabed5da06caff0796dc638e1f07ee395fb18801fbff3255a2372db2d80385"
      url: "https://pub.dev"
    source: hosted
    version: "1.1.0"
  web:
    dependency: transitive
    description:
      name: web
      sha256: dc8ccd225a2005c1be616fe02951e2e342092edf968cf0844220383757ef8f10
      url: "https://pub.dev"
    source: hosted
    version: "0.1.4-beta"
  webrtc_interface:
    dependency: transitive
    description:
      name: webrtc_interface
      sha256: "2efbd3e4e5ebeb2914253bcc51dafd3053c4b87b43f3076c74835a9deecbae3a"
      url: "https://pub.dev"
    source: hosted
    version: "1.1.2"
  webview_flutter:
    dependency: transitive
    description:
      name: webview_flutter
      sha256: "6886b3ceef1541109df5001054aade5ee3c36b5780302e41701c78357233721c"
      url: "https://pub.dev"
    source: hosted
    version: "2.8.0"
  webview_flutter_android:
    dependency: transitive
    description:
      name: webview_flutter_android
      sha256: "8b3b2450e98876c70bfcead876d9390573b34b9418c19e28168b74f6cb252dbd"
      url: "https://pub.dev"
    source: hosted
    version: "2.10.4"
  webview_flutter_platform_interface:
    dependency: transitive
    description:
      name: webview_flutter_platform_interface
      sha256: "812165e4e34ca677bdfbfa58c01e33b27fd03ab5fa75b70832d4b7d4ca1fa8cf"
      url: "https://pub.dev"
    source: hosted
    version: "1.9.5"
  webview_flutter_wkwebview:
    dependency: transitive
    description:
      name: webview_flutter_wkwebview
      sha256: a5364369c758892aa487cbf59ea41d9edd10f9d9baf06a94e80f1bd1b4c7bbc0
      url: "https://pub.dev"
    source: hosted
    version: "2.9.5"
  webview_windows:
    dependency: "direct main"
    description:
      name: webview_windows
      sha256: "7572089e5d6fe09e790093c499fcb6d76a552250187dbcb89790987b1fb723db"
      url: "https://pub.dev"
    source: hosted
    version: "0.3.0"
  webviewx:
    dependency: "direct main"
    description:
      name: webviewx
      sha256: "51845c6440645279dc9245876743a05d19233421b19e45c7519b13bd6c647b82"
      url: "https://pub.dev"
    source: hosted
    version: "0.2.2"
  win32:
    dependency: "direct overridden"
    description:
      name: win32
      sha256: "350a11abd2d1d97e0cc7a28a81b781c08002aa2864d9e3f192ca0ffa18b06ed3"
      url: "https://pub.dev"
    source: hosted
    version: "5.0.9"
  win32_registry:
    dependency: transitive
    description:
      name: win32_registry
      sha256: "41fd8a189940d8696b1b810efb9abcf60827b6cbfab90b0c43e8439e3a39d85a"
      url: "https://pub.dev"
    source: hosted
    version: "1.1.2"
  window_manager:
    dependency: "direct main"
    description:
      name: window_manager
      sha256: dcc865277f26a7dad263a47d0e405d77e21f12cb71f30333a52710a408690bd7
      url: "https://pub.dev"
    source: hosted
    version: "0.3.7"
  xdg_directories:
    dependency: transitive
    description:
      name: xdg_directories
      sha256: "589ada45ba9e39405c198fe34eb0f607cddb2108527e658136120892beac46d2"
      url: "https://pub.dev"
    source: hosted
    version: "1.0.3"
  xml:
    dependency: transitive
    description:
      name: xml
      sha256: "5bc72e1e45e941d825fd7468b9b4cc3b9327942649aeb6fc5cdbf135f0a86e84"
      url: "https://pub.dev"
    source: hosted
    version: "6.3.0"
  yaml:
    dependency: transitive
    description:
      name: yaml
      sha256: "75769501ea3489fca56601ff33454fe45507ea3bfb014161abc3b43ae25989d5"
      url: "https://pub.dev"
    source: hosted
    version: "3.1.2"
sdks:
  dart: ">=3.1.0 <4.0.0"
  flutter: ">=3.13.0"
